
Microsoft Visual Studio Solution File, Format Version 12.00
# Visual Studio Version 17
VisualStudioVersion = 17.0.32112.339
MinimumVisualStudioVersion = 10.0.40219.1
Project("{FAE04EC0-301F-11D3-BF4B-00C04F79EFBC}") = "TestesAulas", "TestesAulas\TestesAulas.csproj", "{308BFA78-3C68-4164-992A-B94D2EEB738C}"
EndProject
Global
	GlobalSection(SolutionConfigurationPlatforms) = preSolution
		Debug|Any CPU = Debug|Any CPU
		Release|Any CPU = Release|Any CPU
	EndGlobalSection
	GlobalSection(ProjectConfigurationPlatforms) = postSolution
		{308BFA78-3C68-4164-992A-B94D2EEB738C}.Debug|Any CPU.ActiveCfg = Debug|Any CPU
		{308BFA78-3C68-4164-992A-B94D2EEB738C}.Debug|Any CPU.Build.0 = Debug|Any CPU
		{308BFA78-3C68-4164-992A-B94D2EEB738C}.Release|Any CPU.ActiveCfg = Release|Any CPU
		{308BFA78-3C68-4164-992A-B94D2EEB738C}.Release|Any CPU.Build.0 = Release|Any CPU
	EndGlobalSection
	GlobalSection(SolutionProperties) = preSolution
		HideSolutionNode = FALSE
	EndGlobalSection
	GlobalSection(ExtensibilityGlobals) = postSolution
		SolutionGuid = {3B6BF543-133B-4F7E-8106-7B7FEBDF5B83}
	EndGlobalSection
EndGlobal
